
Microsoft Visual Studio Solution File, Format Version 12.00
# Visual Studio 2012
Project("{8BC9CEB8-8B4A-11D0-8D11-00A0C91BC942}") = "OMP_testing", "ConsoleApplication1\ConsoleApplication1.vcxproj", "{B949D712-535A-4234-A4B4-47A4F15AF625}"
EndProject
Project("{8BC9CEB8-8B4A-11D0-8D11-00A0C91BC942}") = "calculate_pi", "calculate_pi\calculate_pi.vcxproj", "{8E817470-19E4-4CFE-8C4F-5285087D9EFA}"
EndProject
Global
	GlobalSection(SolutionConfigurationPlatforms) = preSolution
		Debug|Win32 = Debug|Win32
		Release|Win32 = Release|Win32
	EndGlobalSection
	GlobalSection(ProjectConfigurationPlatforms) = postSolution
		{B949D712-535A-4234-A4B4-47A4F15AF625}.Debug|Win32.ActiveCfg = Debug|Win32
		{B949D712-535A-4234-A4B4-47A4F15AF625}.Debug|Win32.Build.0 = Debug|Win32
		{B949D712-535A-4234-A4B4-47A4F15AF625}.Release|Win32.ActiveCfg = Release|Win32
		{B949D712-535A-4234-A4B4-47A4F15AF625}.Release|Win32.Build.0 = Release|Win32
		{8E817470-19E4-4CFE-8C4F-5285087D9EFA}.Debug|Win32.ActiveCfg = Debug|Win32
		{8E817470-19E4-4CFE-8C4F-5285087D9EFA}.Debug|Win32.Build.0 = Debug|Win32
		{8E817470-19E4-4CFE-8C4F-5285087D9EFA}.Release|Win32.ActiveCfg = Release|Win32
		{8E817470-19E4-4CFE-8C4F-5285087D9EFA}.Release|Win32.Build.0 = Release|Win32
	EndGlobalSection
	GlobalSection(SolutionProperties) = preSolution
		HideSolutionNode = FALSE
	EndGlobalSection
EndGlobal
